lockfileVersion: 5.4

specifiers:
  cookie-parser: ~1.4.4
  debug: ~2.6.9
  dotenv: ^16.3.1
  express: ~4.16.1
  hnswlib-node: ^2.0.0
  http-errors: ~1.6.3
  jade: ~1.11.0
  langchain: ^0.0.107
  morgan: ~1.9.1
  serpapi: ^1.1.1

dependencies:
  cookie-parser: 1.4.6
  debug: 2.6.9
  dotenv: 16.3.1
  express: 4.16.4
  hnswlib-node: 2.0.0
  http-errors: 1.6.3
  jade: 1.11.0
  langchain: 0.0.107_huyctcfp7huf5e7663fdzf3pvy
  morgan: 1.9.1
  serpapi: 1.1.1

packages:

  /@anthropic-ai/sdk/0.5.4:
    resolution: {integrity: sha512-XgBPW1VNwIh3u6rIsY3+cio6Z5kw2nIFxodrM8Y4bQG+nTFaGVX56kTyZkBzDzNkrBl9xnux+iflWCVTebBhBw==}
    dependencies:
      '@types/node': 18.16.19
      '@types/node-fetch': 2.6.4
      '@types/qs': 6.9.7
      abort-controller: 3.0.0
      agentkeepalive: 4.3.0
      digest-fetch: 1.3.0
      form-data-encoder: 1.7.2
      formdata-node: 4.4.1
      node-fetch: 2.6.12
      qs: 6.11.2
    transitivePeerDependencies:
      - encoding
      - supports-color
    dev: false

  /@types/node-fetch/2.6.4:
    resolution: {integrity: sha512-1ZX9fcN4Rvkvgv4E6PAY5WXUFWFcRWxZa3EW83UjycOB9ljJCedb2CupIP4RZMEwF/M3eTcCihbBRgwtGbg5Rg==}
    dependencies:
      '@types/node': 18.16.19
      form-data: 3.0.1
    dev: false

  /@types/node/18.16.19:
    resolution: {integrity: sha512-IXl7o+R9iti9eBW4Wg2hx1xQDig183jj7YLn8F7udNceyfkbn1ZxmzZXuak20gR40D7pIkIY1kYGx5VIGbaHKA==}
    dev: false

  /@types/qs/6.9.7:
    resolution: {integrity: sha512-FGa1F62FT09qcrueBA6qYTrJPVDzah9a+493+o2PCXsesWHIn27G98TsSMs3WPNbZIEj4+VJf6saSFpvD+3Zsw==}
    dev: false

  /@types/retry/0.12.0:
    resolution: {integrity: sha512-wWKOClTTiizcZhXnPY4wikVAwmdYHp8q6DmC+EJUzAMsycb7HB32Kh9RN4+0gExjmPmZSAQjgURXIGATPegAvA==}
    dev: false

  /@types/uuid/9.0.2:
    resolution: {integrity: sha512-kNnC1GFBLuhImSnV7w4njQkUiJi0ZXUycu1rUaouPqiKlXkh77JKgdRnTAp1x5eBwcIwbtI+3otwzuIDEuDoxQ==}
    dev: false

  /abort-controller/3.0.0:
    resolution: {integrity: sha512-h8lQ8tacZYnR3vNQTgibj+tODHI5/+l06Au2Pcriv/Gmet0eaj4TwWH41sO9wnHDiQsEj19q0drzdWdeAHtweg==}
    engines: {node: '>=6.5'}
    dependencies:
      event-target-shim: 5.0.1
    dev: false

  /accepts/1.3.8:
    resolution: {integrity: sha512-PYAthTa2m2VKxuvSD3DPC/Gy+U+sOA1LAuT8mkmRuvw+NACSaeXEQ+NHcVF7rONl6qcaxV3Uuemwawk+7+SJLw==}
    engines: {node: '>= 0.6'}
    dependencies:
      mime-types: 2.1.35
      negotiator: 0.6.3
    dev: false

  /acorn-globals/1.0.9:
    resolution: {integrity: sha512-j3/4pkfih8W4NK22gxVSXcEonTpAHOHh0hu5BoZrKcOsW/4oBPxTi4Yk3SAj+FhC1f3+bRTkXdm4019gw1vg9g==}
    dependencies:
      acorn: 2.7.0
    dev: false

  /acorn/1.2.2:
    resolution: {integrity: sha512-FsqWmApWGMGLKKNpHt12PMc5AK7BaZee0WRh04fCysmTzHe+rrKOa2MKjORhnzfpe4r0JnfdqHn02iDA9Dqj2A==}
    engines: {node: '>=0.4.0'}
    hasBin: true
    dev: false

  /acorn/2.7.0:
    resolution: {integrity: sha512-pXK8ez/pVjqFdAgBkF1YPVRacuLQ9EXBKaKWaeh58WNfMkCmZhOZzu+NtKSPD5PHmCCHheQ5cD29qM1K4QTxIg==}
    engines: {node: '>=0.4.0'}
    hasBin: true
    dev: false

  /agentkeepalive/4.3.0:
    resolution: {integrity: sha512-7Epl1Blf4Sy37j4v9f9FjICCh4+KAQOyXgHEwlyBiAQLbhKdq/i2QQU3amQalS/wPhdPzDXPL5DMR5bkn+YeWg==}
    engines: {node: '>= 8.0.0'}
    dependencies:
      debug: 4.3.4
      depd: 2.0.0
      humanize-ms: 1.2.1
    transitivePeerDependencies:
      - supports-color
    dev: false

  /align-text/0.1.4:
    resolution: {integrity: sha512-GrTZLRpmp6wIC2ztrWW9MjjTgSKccffgFagbNDOX95/dcjEcYZibYTeaOntySQLcdw1ztBoFkviiUvTMbb9MYg==}
    engines: {node: '>=0.10.0'}
    dependencies:
      kind-of: 3.2.2
      longest: 1.0.1
      repeat-string: 1.6.1
    dev: false

  /amdefine/1.0.1:
    resolution: {integrity: sha512-S2Hw0TtNkMJhIabBwIojKL9YHO5T0n5eNqWJ7Lrlel/zDbftQpxpapi8tZs3X1HWa+u+QeydGmzzNU0m09+Rcg==}
    engines: {node: '>=0.4.2'}
    dev: false

  /ansi-styles/5.2.0:
    resolution: {integrity: sha512-Cxwpt2SfTzTtXcfOlzGEee8O+c+MmUgGrNiBcXnuWxuFJHe6a5Hz7qwhwe5OgaSYI0IJvkLqWX1ASG+cJOkEiA==}
    engines: {node: '>=10'}
    dev: false

  /argparse/2.0.1:
    resolution: {integrity: sha512-8+9WqebbFzpX9OR+Wa6O29asIogeRMzcGtAINdpMHHyAg10f05aSFVBbcEqGf/PXw1EjAZ+q2/bEBg3DvurK3Q==}
    dev: false

  /array-flatten/1.1.1:
    resolution: {integrity: sha512-PCVAQswWemu6UdxsDFFX/+gVeYqKAod3D3UVm91jHwynguOwAvYPhx8nNlM++NqRcK6CxxpUafjmhIdKiHibqg==}
    dev: false

  /asap/1.0.0:
    resolution: {integrity: sha512-Ej9qjcXY+8Tuy1cNqiwNMwFRXOy9UwgTeMA8LxreodygIPV48lx8PU1ecFxb5ZeU1DpMKxiq6vGLTxcitWZPbA==}
    dev: false

  /asynckit/0.4.0:
    resolution: {integrity: sha512-Oei9OH4tRh0YqU3GxhX79dM/mwVgvbZJaSNaRk+bshkj0S5cfHcgYakreBjrHwatXKbz+IoIdYLxrKim2MjW0Q==}
    dev: false

  /axios/0.26.1_debug@2.6.9:
    resolution: {integrity: sha512-fPwcX4EvnSHuInCMItEhAGnaSEXRBjtzh9fOtsE6E1G6p7vl7edEeZe11QHf18+6+9gR5PbKV/sGKNaD8YaMeA==}
    dependencies:
      follow-redirects: 1.15.2_debug@2.6.9
    transitivePeerDependencies:
      - debug
    dev: false

  /base-64/0.1.0:
    resolution: {integrity: sha512-Y5gU45svrR5tI2Vt/X9GPd3L0HNIKzGu202EjxrXMpuc2V2CiKgemAbUUsqYmZJvPtCXoUKjNZwBJzsNScUbXA==}
    dev: false

  /base64-js/1.5.1:
    resolution: {integrity: sha512-AKpaYlHn8t4SVbOHCy+b5+KKgvR4vrsD8vbvrbiQJps7fKDTkjkDry6ji0rUJjC0kzbNePLwzxq8iypo41qeWA==}
    dev: false

  /basic-auth/2.0.1:
    resolution: {integrity: sha512-NF+epuEdnUYVlGuhaxbbq+dvJttwLnGY+YixlXlME5KpQ5W3CnXA5cVTneY3SPbPDRkcjMbifrwmFYcClgOZeg==}
    engines: {node: '>= 0.8'}
    dependencies:
      safe-buffer: 5.1.2
    dev: false

  /binary-extensions/2.2.0:
    resolution: {integrity: sha512-jDctJ/IVQbZoJykoeHbhXpOlNBqGNcwXJKJog42E5HDPUwQTSdjCHdihjj0DlnheQ7blbT6dHOafNAiS8ooQKA==}
    engines: {node: '>=8'}
    dev: false

  /binary-search/1.3.6:
    resolution: {integrity: sha512-nbE1WxOTTrUWIfsfZ4aHGYu5DOuNkbxGokjV6Z2kxfJK3uaAb8zNK1muzOeipoLHZjInT4Br88BHpzevc681xA==}
    dev: false

  /bindings/1.5.0:
    resolution: {integrity: sha512-p2q/t/mhvuOj/UeLlV6566GD/guowlr0hHxClI0W9m7MWYkL1F0hLo+0Aexs9HSPCtR1SXQ0TD3MMKrXZajbiQ==}
    dependencies:
      file-uri-to-path: 1.0.0
    dev: false

  /body-parser/1.18.3:
    resolution: {integrity: sha512-YQyoqQG3sO8iCmf8+hyVpgHHOv0/hCEFiS4zTGUwTA1HjAFX66wRcNQrVCeJq9pgESMRvUAOvSil5MJlmccuKQ==}
    engines: {node: '>= 0.8'}
    dependencies:
      bytes: 3.0.0
      content-type: 1.0.5
      debug: 2.6.9
      depd: 1.1.2
      http-errors: 1.6.3
      iconv-lite: 0.4.23
      on-finished: 2.3.0
      qs: 6.5.2
      raw-body: 2.3.3
      type-is: 1.6.18
    transitivePeerDependencies:
      - supports-color
    dev: false

  /busboy/1.6.0:
    resolution: {integrity: sha512-8SFQbg/0hQ9xy3UNTB0YEnsNBbWfhf7RtnzpL7TkBiTBRfrQ9Fxcnz7VJsleJpyp6rVLvXiuORqjlHi5q+PYuA==}
    engines: {node: '>=10.16.0'}
    dependencies:
      streamsearch: 1.1.0
    dev: false

  /bytes/3.0.0:
    resolution: {integrity: sha512-pMhOfFDPiv9t5jjIXkHosWmkSyQbvsgEVNkz0ERHbuLh2T/7j4Mqqpz523Fe8MVY89KC6Sh/QfS2sM+SjgFDcw==}
    engines: {node: '>= 0.8'}
    dev: false

  /call-bind/1.0.2:
    resolution: {integrity: sha512-7O+FbCihrB5WGbFYesctwmTKae6rOiIzmz1icreWJ+0aA7LJfuqhEso2T9ncpcFtzMQtzXf2QGGueWJGTYsqrA==}
    dependencies:
      function-bind: 1.1.1
      get-intrinsic: 1.2.1
    dev: false

  /camelcase/1.2.1:
    resolution: {integrity: sha512-wzLkDa4K/mzI1OSITC+DUyjgIl/ETNHE9QvYgy6J6Jvqyyz4C0Xfd+lQhb19sX2jMpZV4IssUn0VDVmglV+s4g==}
    engines: {node: '>=0.10.0'}
    dev: false

  /camelcase/6.3.0:
    resolution: {integrity: sha512-Gmy6FhYlCY7uOElZUSbxo2UCDH8owEk996gkbrpsgGtrJLM3J7jGxl9Ic7Qwwj4ivOE5AWZWRMecDdF7hqGjFA==}
    engines: {node: '>=10'}
    dev: false

  /center-align/0.1.3:
    resolution: {integrity: sha512-Baz3aNe2gd2LP2qk5U+sDk/m4oSuwSDcBfayTCTBoWpfIGO5XFxPmjILQII4NGiZjD6DoDI6kf7gKaxkf7s3VQ==}
    engines: {node: '>=0.10.0'}
    dependencies:
      align-text: 0.1.4
      lazy-cache: 1.0.4
    dev: false

  /character-parser/1.2.1:
    resolution: {integrity: sha512-6OEBVBlf/y8LaAphnbAnt743O3zMhlBer+FO5D40H6wqAdU9B1TvuApkejgLW0cvv0tEZNLktv1AnRI+C87ueQ==}
    dev: false

  /charenc/0.0.2:
    resolution: {integrity: sha512-yrLQ/yVUFXkzg7EDQsPieE/53+0RlaWTs+wBrvW36cyilJ2SaDWfl4Yj7MtLTXleV9uEKefbAGUPv2/iWSooRA==}
    dev: false

  /clean-css/3.4.28:
    resolution: {integrity: sha512-aTWyttSdI2mYi07kWqHi24NUU9YlELFKGOAgFzZjDN1064DMAOy2FBuoyGmkKRlXkbpXd0EVHmiVkbKhKoirTw==}
    engines: {node: '>=0.10.0'}
    hasBin: true
    dependencies:
      commander: 2.8.1
      source-map: 0.4.4
    dev: false

  /cliui/2.1.0:
    resolution: {integrity: sha512-GIOYRizG+TGoc7Wgc1LiOTLare95R3mzKgoln+Q/lE4ceiYH19gUpl0l0Ffq4lJDEf3FxujMe6IBfOCs7pfqNA==}
    dependencies:
      center-align: 0.1.3
      right-align: 0.1.3
      wordwrap: 0.0.2
    dev: false

  /combined-stream/1.0.8:
    resolution: {integrity: sha512-FQN4MRfuJeHf7cBbBMJFXhKSDq+2kAArBlmRBvcvFE5BB1HZKXtSFASDhdlz9zOYwxh8lDdnvmMOe/+5cdoEdg==}
    engines: {node: '>= 0.8'}
    dependencies:
      delayed-stream: 1.0.0
    dev: false

  /commander/10.0.1:
    resolution: {integrity: sha512-y4Mg2tXshplEbSGzx7amzPwKKOCGuoSRP/CjEdwwk0FOGlUbq6lKuoyDZTNZkmxHdJtp54hdfY/JUrdL7Xfdug==}
    engines: {node: '>=14'}
    dev: false

  /commander/2.6.0:
    resolution: {integrity: sha512-PhbTMT+ilDXZKqH8xbvuUY2ZEQNef0Q7DKxgoEKb4ccytsdvVVJmYqR0sGbi96nxU6oGrwEIQnclpK2NBZuQlg==}
    engines: {node: '>= 0.6.x'}
    dev: false

  /commander/2.8.1:
    resolution: {integrity: sha512-+pJLBFVk+9ZZdlAOB5WuIElVPPth47hILFkmGym57aq8kwxsowvByvB0DHs1vQAhyMZzdcpTtF0VDKGkSDR4ZQ==}
    engines: {node: '>= 0.6.x'}
    dependencies:
      graceful-readlink: 1.0.1
    dev: false

  /constantinople/3.0.2:
    resolution: {integrity: sha512-UnEggAQrmhxuTxlb7n1OsTtagNXWUv2CRlOogZhWOU4jLK4EJEbF8UDSNxuGu+jVtWNtO2j51ab2H1wlBIzF/w==}
    deprecated: Please update to at least constantinople 3.1.1
    dependencies:
      acorn: 2.7.0
    dev: false

  /content-disposition/0.5.2:
    resolution: {integrity: sha512-kRGRZw3bLlFISDBgwTSA1TMBFN6J6GWDeubmDE3AF+3+yXL8hTWv8r5rkLbqYXY4RjPk/EzHnClI3zQf1cFmHA==}
    engines: {node: '>= 0.6'}
    dev: false

  /content-type/1.0.5:
    resolution: {integrity: sha512-nTjqfcBFEipKdXCv4YDQWCfmcLZKm81ldF0pAopTvyrFGVbcR6P/VAAd5G7N+0tTr8QqiU0tFadD6FK4NtJwOA==}
    engines: {node: '>= 0.6'}
    dev: false

  /cookie-parser/1.4.6:
    resolution: {integrity: sha512-z3IzaNjdwUC2olLIB5/ITd0/setiaFMLYiZJle7xg5Fe9KWAceil7xszYfHHBtDFYLSgJduS2Ty0P1uJdPDJeA==}
    engines: {node: '>= 0.8.0'}
    dependencies:
      cookie: 0.4.1
      cookie-signature: 1.0.6
    dev: false

  /cookie-signature/1.0.6:
    resolution: {integrity: sha512-QADzlaHc8icV8I7vbaJXJwod9HWYp8uCqf1xa4OfNu1T7JVxQIrUgOWtHdNDtPiywmFbiS12VjotIXLrKM3orQ==}
    dev: false

  /cookie/0.3.1:
    resolution: {integrity: sha512-+IJOX0OqlHCszo2mBUq+SrEbCj6w7Kpffqx60zYbPTFaO4+yYgRjHwcZNpWvaTylDHaV7PPmBHzSecZiMhtPgw==}
    engines: {node: '>= 0.6'}
    dev: false

  /cookie/0.4.1:
    resolution: {integrity: sha512-ZwrFkGJxUR3EIoXtO+yVE69Eb7KlixbaeAWfBQB9vVsNn/o+Yw69gBWSSDK825hQNdN+wF8zELf3dFNl/kxkUA==}
    engines: {node: '>= 0.6'}
    dev: false

  /crypt/0.0.2:
    resolution: {integrity: sha512-mCxBlsHFYh9C+HVpiEacem8FEBnMXgU9gy4zmNC+SXAZNB/1idgp/aulFJ4FgCi7GPEVbfyng092GqL2k2rmow==}
    dev: false

  /css-parse/1.0.4:
    resolution: {integrity: sha512-pfstzKVRZiHprDXdsmtfH1HYUEw22lzjuHdnpe1hscwoQvgW2C5zDQIBE0RKoALEReTn9W1ECdY8uaT/kO4VfA==}
    dev: false

  /css-stringify/1.0.5:
    resolution: {integrity: sha512-aIThpcErhG5EyHorGqNlTh0TduNBqLrrXLO3x5rku3ZKBxuVfY+T7noyM2G2X/01iQANqJUb6d3+FLoa+N7Xwg==}
    dev: false

  /css/1.0.8:
    resolution: {integrity: sha512-qmTYWhHk910nQWnGqMAiWWPQlB6tESiWgNebQJmiozOAGcBAQ1+U/UzUOkhdrcshlkSRRiKWodwmVvO0OmnIGg==}
    dependencies:
      css-parse: 1.0.4
      css-stringify: 1.0.5
    dev: false

  /debug/2.6.9:
    resolution: {integrity: sha512-bC7ElrdJaJnPbAP+1EotYvqZsb3ecl5wi6Bfi6BJTUcNowp6cvspg0jXznRTKDjm/E7AdgFBVeAPVMNcKGsHMA==}
    peerDependencies:
      supports-color: '*'
    peerDependenciesMeta:
      supports-color:
        optional: true
    dependencies:
      ms: 2.0.0
    dev: false

  /debug/4.3.4:
    resolution: {integrity: sha512-PRWFHuSU3eDtQJPvnNY7Jcket1j0t5OuOsFzPPzsekD52Zl8qUfFIPEiswXqIvHWGVHOgX+7G/vCNNhehwxfkQ==}
    engines: {node: '>=6.0'}
    peerDependencies:
      supports-color: '*'
    peerDependenciesMeta:
      supports-color:
        optional: true
    dependencies:
      ms: 2.1.2
    dev: false

  /decamelize/1.2.0:
    resolution: {integrity: sha512-z2S+W9X73hAUUki+N+9Za2lBlun89zigOyGrsax+KUQ6wKW4ZoWpEYBkGhQjwAjjDCkWxhY0VKEhk8wzY7F5cA==}
    engines: {node: '>=0.10.0'}
    dev: false

  /delayed-stream/1.0.0:
    resolution: {integrity: sha512-ZySD7Nf91aLB0RxL4KGrKHBXl7Eds1DAmEdcoVawXnLD7SDhpNgtuII2aAkg7a7QS41jxPSZ17p4VdGnMHk3MQ==}
    engines: {node: '>=0.4.0'}
    dev: false

  /depd/1.1.2:
    resolution: {integrity: sha512-7emPTl6Dpo6JRXOXjLRxck+FlLRX5847cLKEn00PLAgc3g2hTZZgr+e4c2v6QpSmLeFP3n5yUo7ft6avBK/5jQ==}
    engines: {node: '>= 0.6'}
    dev: false

  /depd/2.0.0:
    resolution: {integrity: sha512-g7nH6P6dyDioJogAAGprGpCtVImJhpPk/roCzdb3fIh61/s/nPsfR6onyMwkCAR/OlC3yBC0lESvUoQEAssIrw==}
    engines: {node: '>= 0.8'}
    dev: false

  /destroy/1.0.4:
    resolution: {integrity: sha512-3NdhDuEXnfun/z7x9GOElY49LoqVHoGScmOKwmxhsS8N5Y+Z8KyPPDnaSzqWgYt/ji4mqwfTS34Htrk0zPIXVg==}
    dev: false

  /digest-fetch/1.3.0:
    resolution: {integrity: sha512-CGJuv6iKNM7QyZlM2T3sPAdZWd/p9zQiRNS9G+9COUCwzWFTs0Xp8NF5iePx7wtvhDykReiRRrSeNb4oMmB8lA==}
    dependencies:
      base-64: 0.1.0
      md5: 2.3.0
    dev: false

  /dotenv/16.3.1:
    resolution: {integrity: sha512-IPzF4w4/Rd94bA9imS68tZBaYyBWSCE47V1RGuMrB94iyTOIEwRmVL2x/4An+6mETpLrKJ5hQkB8W4kFAadeIQ==}
    engines: {node: '>=12'}
    dev: false

  /ee-first/1.1.1:
    resolution: {integrity: sha512-WMwm9LhRUo+WUaRN+vRuETqG89IgZphVSNkdFgeb6sS/E4OrDIN7t48CAewSHXc6C8lefD8KKfr5vY61brQlow==}
    dev: false

  /encodeurl/1.0.2:
    resolution: {integrity: sha512-TPJXq8JqFaVYm2CWmPvnP2Iyo4ZSM7/QKcSmuMLDObfpH5fi7RUGmd/rTDf+rut/saiDiQEeVTNgAmJEdAOx0w==}
    engines: {node: '>= 0.8'}
    dev: false

  /escape-html/1.0.3:
    resolution: {integrity: sha512-NiSupZ4OeuGwr68lGIeym/ksIZMJodUGOSCZ/FSnTxcrekbvqrgdUxlJOMpijaKZVjAJrWrGs/6Jy8OMuyj9ow==}
    dev: false

  /etag/1.8.1:
    resolution: {integrity: sha512-aIL5Fx7mawVa300al2BnEE4iNvo1qETxLrPI/o05L7z6go7fCw1J6EQmbK4FmJ2AS7kgVF/KEZWufBfdClMcPg==}
    engines: {node: '>= 0.6'}
    dev: false

  /event-target-shim/5.0.1:
    resolution: {integrity: sha512-i/2XbnSz/uxRCU6+NdVJgKWDTM427+MqYbkQzD321DuCQJUqOuJKIA0IM2+W2xtYHdKOmZ4dR6fExsd4SXL+WQ==}
    engines: {node: '>=6'}
    dev: false

  /eventemitter3/4.0.7:
    resolution: {integrity: sha512-8guHBZCwKnFhYdHr2ysuRWErTwhoN2X8XELRlrRwpmfeY2jjuUN4taQMsULKUVo1K4DvZl+0pgfyoysHxvmvEw==}
    dev: false

  /expr-eval/2.0.2:
    resolution: {integrity: sha512-4EMSHGOPSwAfBiibw3ndnP0AvjDWLsMvGOvWEZ2F96IGk0bIVdjQisOHxReSkE13mHcfbuCiXw+G4y0zv6N8Eg==}
    dev: false

  /express/4.16.4:
    resolution: {integrity: sha512-j12Uuyb4FMrd/qQAm6uCHAkPtO8FDTRJZBDd5D2KOL2eLaz1yUNdUB/NOIyq0iU4q4cFarsUCrnFDPBcnksuOg==}
    engines: {node: '>= 0.10.0'}
    dependencies:
      accepts: 1.3.8
      array-flatten: 1.1.1
      body-parser: 1.18.3
      content-disposition: 0.5.2
      content-type: 1.0.5
      cookie: 0.3.1
      cookie-signature: 1.0.6
      debug: 2.6.9
      depd: 1.1.2
      encodeurl: 1.0.2
      escape-html: 1.0.3
      etag: 1.8.1
      finalhandler: 1.1.1
      fresh: 0.5.2
      merge-descriptors: 1.0.1
      methods: 1.1.2
      on-finished: 2.3.0
      parseurl: 1.3.3
      path-to-regexp: 0.1.7
      proxy-addr: 2.0.7
      qs: 6.5.2
      range-parser: 1.2.1
      safe-buffer: 5.1.2
      send: 0.16.2
      serve-static: 1.13.2
      setprototypeof: 1.1.0
      statuses: 1.4.0
      type-is: 1.6.18
      utils-merge: 1.0.1
      vary: 1.1.2
    transitivePeerDependencies:
      - supports-color
    dev: false

  /file-uri-to-path/1.0.0:
    resolution: {integrity: sha512-0Zt+s3L7Vf1biwWZ29aARiVYLx7iMGnEUl9x33fbB/j3jR81u/O2LbqK+Bm1CDSNDKVtJ/YjwY7TUd5SkeLQLw==}
    dev: false

  /finalhandler/1.1.1:
    resolution: {integrity: sha512-Y1GUDo39ez4aHAw7MysnUD5JzYX+WaIj8I57kO3aEPT1fFRL4sr7mjei97FgnwhAyyzRYmQZaTHb2+9uZ1dPtg==}
    engines: {node: '>= 0.8'}
    dependencies:
      debug: 2.6.9
      encodeurl: 1.0.2
      escape-html: 1.0.3
      on-finished: 2.3.0
      parseurl: 1.3.3
      statuses: 1.4.0
      unpipe: 1.0.0
    transitivePeerDependencies:
      - supports-color
    dev: false

  /flat/5.0.2:
    resolution: {integrity: sha512-b6suED+5/3rTpUBdG1gupIl8MPFCAMA0QXwmljLhvCUKcUvdE4gWky9zpuGCcXHOsz4J9wPGNWq6OKpmIzz3hQ==}
    hasBin: true
    dev: false

  /follow-redirects/1.15.2_debug@2.6.9:
    resolution: {integrity: sha512-VQLG33o04KaQ8uYi2tVNbdrWp1QWxNNea+nmIB4EVM28v0hmP17z7aG1+wAkNzVq4KeXTq3221ye5qTJP91JwA==}
    engines: {node: '>=4.0'}
    peerDependencies:
      debug: '*'
    peerDependenciesMeta:
      debug:
        optional: true
    dependencies:
      debug: 2.6.9
    dev: false

  /form-data-encoder/1.7.2:
    resolution: {integrity: sha512-qfqtYan3rxrnCk1VYaA4H+Ms9xdpPqvLZa6xmMgFvhO32x7/3J/ExcTd6qpxM0vH2GdMI+poehyBZvqfMTto8A==}
    dev: false

  /form-data/3.0.1:
    resolution: {integrity: sha512-RHkBKtLWUVwd7SqRIvCZMEvAMoGUp0XU+seQiZejj0COz3RI3hWP4sCv3gZWWLjJTd7rGwcsF5eKZGii0r/hbg==}
    engines: {node: '>= 6'}
    dependencies:
      asynckit: 0.4.0
      combined-stream: 1.0.8
      mime-types: 2.1.35
    dev: false

  /form-data/4.0.0:
    resolution: {integrity: sha512-ETEklSGi5t0QMZuiXoA/Q6vcnxcLQP5vdugSpuAyi6SVGi2clPPp+xgEhuMaHC+zGgn31Kd235W35f7Hykkaww==}
    engines: {node: '>= 6'}
    dependencies:
      asynckit: 0.4.0
      combined-stream: 1.0.8
      mime-types: 2.1.35
    dev: false

  /formdata-node/4.4.1:
    resolution: {integrity: sha512-0iirZp3uVDjVGt9p49aTaqjk84TrglENEDuqfdlZQ1roC9CWlPk6Avf8EEnZNcAqPonwkG35x4n3ww/1THYAeQ==}
    engines: {node: '>= 12.20'}
    dependencies:
      node-domexception: 1.0.0
      web-streams-polyfill: 4.0.0-beta.3
    dev: false

  /forwarded/0.2.0:
    resolution: {integrity: sha512-buRG0fpBtRHSTCOASe6hD258tEubFoRLb4ZNA6NxMVHNw2gOcwHo9wyablzMzOA5z9xA9L1KNjk/Nt6MT9aYow==}
    engines: {node: '>= 0.6'}
    dev: false

  /fresh/0.5.2:
    resolution: {integrity: sha512-zJ2mQYM18rEFOudeV4GShTGIQ7RbzA7ozbU9I/XBpm7kqgMywgmylMwXHxZJmkVoYkna9d2pVXVXPdYTP9ej8Q==}
    engines: {node: '>= 0.6'}
    dev: false

  /function-bind/1.1.1:
    resolution: {integrity: sha512-yIovAzMX49sF8Yl58fSCWJ5svSLuaibPxXQJFLmBObTuCr0Mf1KiPopGM9NiFjiYBCbfaa2Fh6breQ6ANVTI0A==}
    dev: false

  /get-intrinsic/1.2.1:
    resolution: {integrity: sha512-2DcsyfABl+gVHEfCOaTrWgyt+tb6MSEGmKq+kI5HwLbIYgjgmMcV8KQ41uaKz1xxUcn9tJtgFbQUEVcEbd0FYw==}
    dependencies:
      function-bind: 1.1.1
      has: 1.0.3
      has-proto: 1.0.1
      has-symbols: 1.0.3
    dev: false

  /graceful-readlink/1.0.1:
    resolution: {integrity: sha512-8tLu60LgxF6XpdbK8OW3FA+IfTNBn1ZHGHKF4KQbEeSkajYw5PlYJcKluntgegDPTg8UkHjpet1T82vk6TQ68w==}
    dev: false

  /has-proto/1.0.1:
    resolution: {integrity: sha512-7qE+iP+O+bgF9clE5+UoBFzE65mlBiVj3tKCrlNQ0Ogwm0BjpT/gK4SlLYDMybDh5I3TCTKnPPa0oMG7JDYrhg==}
    engines: {node: '>= 0.4'}
    dev: false

  /has-symbols/1.0.3:
    resolution: {integrity: sha512-l3LCuF6MgDNwTDKkdYGEihYjt5pRPbEg46rtlmnSPlUbgmB8LOIrKJbYYFBSbnPaJexMKtiPO8hmeRjRz2Td+A==}
    engines: {node: '>= 0.4'}
    dev: false

  /has/1.0.3:
    resolution: {integrity: sha512-f2dvO0VU6Oej7RkWJGrehjbzMAjFp5/VKPp5tTpWIV4JHHZK1/BxbFRtf/siA2SWTe09caDmVtYYzWEIbBS4zw==}
    engines: {node: '>= 0.4.0'}
    dependencies:
      function-bind: 1.1.1
    dev: false

  /hnswlib-node/2.0.0:
    resolution: {integrity: sha512-ib5c5m5JSW0w/8CfufAozrgXSGnWizH62YZkd2JvGVCi2OE45jQZmtQzh5aXszQiJTr8+6bMxnN/Qo2w4e+Z4A==}
    requiresBuild: true
    dependencies:
      bindings: 1.5.0
      node-addon-api: 7.0.0
    dev: false

  /http-errors/1.6.3:
    resolution: {integrity: sha512-lks+lVC8dgGyh97jxvxeYTWQFvh4uw4yC12gVl63Cg30sjPX4wuGcdkICVXDAESr6OJGjqGA8Iz5mkeN6zlD7A==}
    engines: {node: '>= 0.6'}
    dependencies:
      depd: 1.1.2
      inherits: 2.0.3
      setprototypeof: 1.1.0
      statuses: 1.5.0
    dev: false

  /humanize-ms/1.2.1:
    resolution: {integrity: sha512-Fl70vYtsAFb/C06PTS9dZBo7ihau+Tu/DNCk/OyHhea07S+aeMWpFFkUaXRa8fI+ScZbEI8dfSxwY7gxZ9SAVQ==}
    dependencies:
      ms: 2.1.3
    dev: false

  /iconv-lite/0.4.23:
    resolution: {integrity: sha512-neyTUVFtahjf0mB3dZT77u+8O0QB89jFdnBkd5P1JgYPbPaia3gXXOVL2fq8VyU2gMMD7SaN7QukTB/pmXYvDA==}
    engines: {node: '>=0.10.0'}
    dependencies:
      safer-buffer: 2.1.2
    dev: false

  /inherits/2.0.3:
    resolution: {integrity: sha512-x00IRNXNy63jwGkJmzPigoySHbaqpNuzKbBOmzK+g2OdZpQ9w+sxCN+VSB3ja7IAge2OP2qpfxTjeNcyjmW1uw==}
    dev: false

  /ipaddr.js/1.9.1:
    resolution: {integrity: sha512-0KI/607xoxSToH7GjN1FfSbLoU0+btTicjsQSWQlh/hZykN8KpmMf7uYwPW3R+akZ6R/w18ZlXSHBYXiYUPO3g==}
    engines: {node: '>= 0.10'}
    dev: false

  /is-any-array/2.0.1:
    resolution: {integrity: sha512-UtilS7hLRu++wb/WBAw9bNuP1Eg04Ivn1vERJck8zJthEvXCBEBpGR/33u/xLKWEQf95803oalHrVDptcAvFdQ==}
    dev: false

  /is-buffer/1.1.6:
    resolution: {integrity: sha512-NcdALwpXkTm5Zvvbk7owOUSvVvBKDgKP5/ewfXEznmQFfs4ZRmanOeKBTjRVjka3QFoN6XJ+9F3USqfHqTaU5w==}
    dev: false

  /is-promise/1.0.1:
    resolution: {integrity: sha512-mjWH5XxnhMA8cFnDchr6qRP9S/kLntKuEfIYku+PaN1CnS8v+OG9O/BKpRCVRJvpIkgAZm0Pf5Is3iSSOILlcg==}
    dev: false

  /is-promise/2.2.2:
    resolution: {integrity: sha512-+lP4/6lKUBfQjZ2pdxThZvLUAafmZb8OAxFb8XXtiQmS35INgr85hdOGoEs124ez1FCnZJt6jau/T+alh58QFQ==}
    dev: false

  /jade/1.11.0:
    resolution: {integrity: sha512-J76sbGKeLtu7uwW97Ntzb1UvGnpKTDplYa9ROr2gNRhM+SxvlBSG0Ees3TQ8+7ya2UVkzMEeFxhRhEpN68s7Tg==}
    deprecated: Jade has been renamed to pug, please install the latest version of pug instead of jade
    hasBin: true
    dependencies:
      character-parser: 1.2.1
      clean-css: 3.4.28
      commander: 2.6.0
      constantinople: 3.0.2
      jstransformer: 0.0.2
      mkdirp: 0.5.6
      transformers: 2.1.0
      uglify-js: 2.8.29
      void-elements: 2.0.1
      with: 4.0.3
    dev: false

  /js-tiktoken/1.0.7:
    resolution: {integrity: sha512-biba8u/clw7iesNEWLOLwrNGoBP2lA+hTaBLs/D45pJdUPFXyxD6nhcDVtADChghv4GgyAiMKYMiRx7x6h7Biw==}
    dependencies:
      base64-js: 1.5.1
    dev: false

  /js-yaml/4.1.0:
    resolution: {integrity: sha512-wpxZs9NoxZaJESJGIZTyDEaYpl0FKSA+FB9aJiyemKhMwkxQg63h4T1KJgUGHpTqPDNRcmmYLugrRjJlBtWvRA==}
    hasBin: true
    dependencies:
      argparse: 2.0.1
    dev: false

  /jsonpointer/5.0.1:
    resolution: {integrity: sha512-p/nXbhSEcu3pZRdkW1OfJhpsVtW1gd4Wa1fnQc9YLiTfAjn0312eMKimbdIQzuZl9aa9xUGaRlP9T/CJE/ditQ==}
    engines: {node: '>=0.10.0'}
    dev: false

  /jstransformer/0.0.2:
    resolution: {integrity: sha512-b7tmf91j1ChMuYhwbPBnNgB62dmHuqiHpOdd6QLKzde8HydZqm+ud3qWreGWecSxPBFFNOf1Ozjx0xo2plFdHA==}
    dependencies:
      is-promise: 2.2.2
      promise: 6.1.0
    dev: false

  /kind-of/3.2.2:
    resolution: {integrity: sha512-NOW9QQXMoZGg/oqnVNoNTTIFEIid1627WCffUBJEdMxYApq7mNE7CpzucIPc+ZQg25Phej7IJSmX3hO+oblOtQ==}
    engines: {node: '>=0.10.0'}
    dependencies:
      is-buffer: 1.1.6
    dev: false

  /langchain/0.0.107_huyctcfp7huf5e7663fdzf3pvy:
    resolution: {integrity: sha512-Axrjk6y02ZdBa3UeNM515hXxNg6G0foIc9V6YcCxM3dNNGZNiH14pdz1pT0lkOR5vgZt0cbEhi//7QcsuS9zGA==}
    engines: {node: '>=18'}
    peerDependencies:
      '@aws-sdk/client-dynamodb': ^3.310.0
      '@aws-sdk/client-lambda': ^3.310.0
      '@aws-sdk/client-s3': ^3.310.0
      '@aws-sdk/client-sagemaker-runtime': ^3.310.0
      '@aws-sdk/client-sfn': ^3.310.0
      '@clickhouse/client': ^0.0.14
      '@elastic/elasticsearch': ^8.4.0
      '@getmetal/metal-sdk': '*'
      '@getzep/zep-js': ^0.4.1
      '@gomomento/sdk': ^1.23.0
      '@google-cloud/storage': ^6.10.1
      '@huggingface/inference': ^1.5.1
      '@notionhq/client': ^2.2.5
      '@opensearch-project/opensearch': '*'
      '@pinecone-database/pinecone': '*'
      '@qdrant/js-client-rest': ^1.2.0
      '@supabase/postgrest-js': ^1.1.1
      '@supabase/supabase-js': ^2.10.0
      '@tensorflow-models/universal-sentence-encoder': '*'
      '@tensorflow/tfjs-converter': '*'
      '@tensorflow/tfjs-core': '*'
      '@tigrisdata/vector': ^1.1.0
      '@upstash/redis': ^1.20.6
      '@zilliz/milvus2-sdk-node': '>=2.2.7'
      apify-client: ^2.7.1
      axios: '*'
      cheerio: ^1.0.0-rc.12
      chromadb: ^1.5.3
      cohere-ai: ^5.0.2
      d3-dsv: ^2.0.0
      epub2: ^3.0.1
      faiss-node: ^0.2.1
      google-auth-library: ^8.8.0
      hnswlib-node: ^1.4.2
      html-to-text: ^9.0.5
      ignore: ^5.2.0
      mammoth: '*'
      mongodb: ^5.2.0
      mysql2: ^3.3.3
      notion-to-md: ^3.1.0
      pdf-parse: 1.1.1
      peggy: ^3.0.2
      pg: ^8.11.0
      pickleparser: ^0.1.0
      playwright: ^1.32.1
      puppeteer: ^19.7.2
      redis: ^4.6.4
      replicate: ^0.9.0
      sonix-speech-recognition: ^2.1.1
      srt-parser-2: ^1.2.2
      typeorm: ^0.3.12
      typesense: ^1.5.3
      vectordb: ^0.1.4
      weaviate-ts-client: ^1.0.0
    peerDependenciesMeta:
      '@aws-sdk/client-dynamodb':
        optional: true
      '@aws-sdk/client-lambda':
        optional: true
      '@aws-sdk/client-s3':
        optional: true
      '@aws-sdk/client-sagemaker-runtime':
        optional: true
      '@aws-sdk/client-sfn':
        optional: true
      '@clickhouse/client':
        optional: true
      '@elastic/elasticsearch':
        optional: true
      '@getmetal/metal-sdk':
        optional: true
      '@getzep/zep-js':
        optional: true
      '@gomomento/sdk':
        optional: true
      '@google-cloud/storage':
        optional: true
      '@huggingface/inference':
        optional: true
      '@notionhq/client':
        optional: true
      '@opensearch-project/opensearch':
        optional: true
      '@pinecone-database/pinecone':
        optional: true
      '@qdrant/js-client-rest':
        optional: true
      '@supabase/postgrest-js':
        optional: true
      '@supabase/supabase-js':
        optional: true
      '@tensorflow-models/universal-sentence-encoder':
        optional: true
      '@tensorflow/tfjs-converter':
        optional: true
      '@tensorflow/tfjs-core':
        optional: true
      '@tigrisdata/vector':
        optional: true
      '@upstash/redis':
        optional: true
      '@zilliz/milvus2-sdk-node':
        optional: true
      apify-client:
        optional: true
      axios:
        optional: true
      cheerio:
        optional: true
      chromadb:
        optional: true
      cohere-ai:
        optional: true
      d3-dsv:
        optional: true
      epub2:
        optional: true
      faiss-node:
        optional: true
      google-auth-library:
        optional: true
      hnswlib-node:
        optional: true
      html-to-text:
        optional: true
      ignore:
        optional: true
      mammoth:
        optional: true
      mongodb:
        optional: true
      mysql2:
        optional: true
      notion-to-md:
        optional: true
      pdf-parse:
        optional: true
      peggy:
        optional: true
      pg:
        optional: true
      pickleparser:
        optional: true
      playwright:
        optional: true
      puppeteer:
        optional: true
      redis:
        optional: true
      replicate:
        optional: true
      sonix-speech-recognition:
        optional: true
      srt-parser-2:
        optional: true
      typeorm:
        optional: true
      typesense:
        optional: true
      vectordb:
        optional: true
      weaviate-ts-client:
        optional: true
    dependencies:
      '@anthropic-ai/sdk': 0.5.4
      ansi-styles: 5.2.0
      binary-extensions: 2.2.0
      camelcase: 6.3.0
      decamelize: 1.2.0
      expr-eval: 2.0.2
      flat: 5.0.2
      hnswlib-node: 2.0.0
      js-tiktoken: 1.0.7
      js-yaml: 4.1.0
      jsonpointer: 5.0.1
      langchainplus-sdk: 0.0.19
      ml-distance: 4.0.1
      object-hash: 3.0.0
      openai: 3.3.0_debug@2.6.9
      openapi-types: 12.1.3
      p-queue: 6.6.2
      p-retry: 4.6.2
      uuid: 9.0.0
      yaml: 2.3.1
      zod: 3.21.4
      zod-to-json-schema: 3.21.4_zod@3.21.4
    transitivePeerDependencies:
      - debug
      - encoding
      - supports-color
    dev: false

  /langchainplus-sdk/0.0.19:
    resolution: {integrity: sha512-WKMN90E8M/JWO9lajbw8sv32xVHUZM+fN9I4LUveffBoX4qoJFi6uzYeDH0loW2SjnOSh3Tnzlz+Qp6ZenCu6g==}
    hasBin: true
    dependencies:
      '@types/uuid': 9.0.2
      commander: 10.0.1
      p-queue: 6.6.2
      p-retry: 4.6.2
      uuid: 9.0.0
    dev: false

  /lazy-cache/1.0.4:
    resolution: {integrity: sha512-RE2g0b5VGZsOCFOCgP7omTRYFqydmZkBwl5oNnQ1lDYC57uyO9KqNnNVxT7COSHTxrRCWVcAVOcbjk+tvh/rgQ==}
    engines: {node: '>=0.10.0'}
    dev: false

  /longest/1.0.1:
    resolution: {integrity: sha512-k+yt5n3l48JU4k8ftnKG6V7u32wyH2NfKzeMto9F/QRE0amxy/LayxwlvjjkZEIzqR+19IrtFO8p5kB9QaYUFg==}
    engines: {node: '>=0.10.0'}
    dev: false

  /md5/2.3.0:
    resolution: {integrity: sha512-T1GITYmFaKuO91vxyoQMFETst+O71VUPEU3ze5GNzDm0OWdP8v1ziTaAEPUr/3kLsY3Sftgz242A1SetQiDL7g==}
    dependencies:
      charenc: 0.0.2
      crypt: 0.0.2
      is-buffer: 1.1.6
    dev: false

  /media-typer/0.3.0:
    resolution: {integrity: sha512-dq+qelQ9akHpcOl/gUVRTxVIOkAJ1wR3QAvb4RsVjS8oVoFjDGTc679wJYmUmknUF5HwMLOgb5O+a3KxfWapPQ==}
    engines: {node: '>= 0.6'}
    dev: false

  /merge-descriptors/1.0.1:
    resolution: {integrity: sha512-cCi6g3/Zr1iqQi6ySbseM1Xvooa98N0w31jzUYrXPX2xqObmFGHJ0tQ5u74H3mVh7wLouTseZyYIq39g8cNp1w==}
    dev: false

  /methods/1.1.2:
    resolution: {integrity: sha512-iclAHeNqNm68zFtnZ0e+1L2yUIdvzNoauKU4WBA3VvH/vPFieF7qfRlwUZU+DA9P9bPXIS90ulxoUoCH23sV2w==}
    engines: {node: '>= 0.6'}
    dev: false

  /mime-db/1.52.0:
    resolution: {integrity: sha512-sPU4uV7dYlvtWJxwwxHD0PuihVNiE7TyAbQ5SWxDCB9mUYvOgroQOwYQQOKPJ8CIbE+1ETVlOoK1UC2nU3gYvg==}
    engines: {node: '>= 0.6'}
    dev: false

  /mime-types/2.1.35:
    resolution: {integrity: sha512-ZDY+bPm5zTTF+YpCrAU9nK0UgICYPT0QtT1NZWFv4s++TNkcgVaT0g6+4R2uI4MjQjzysHB1zxuWL50hzaeXiw==}
    engines: {node: '>= 0.6'}
    dependencies:
      mime-db: 1.52.0
    dev: false

  /mime/1.4.1:
    resolution: {integrity: sha512-KI1+qOZu5DcW6wayYHSzR/tXKCDC5Om4s1z2QJjDULzLcmf3DvzS7oluY4HCTrc+9FiKmWUgeNLg7W3uIQvxtQ==}
    hasBin: true
    dev: false

  /minimist/1.2.8:
    resolution: {integrity: sha512-2yyAR8qBkN3YuheJanUpWC5U3bb5osDywNB8RzDVlDwDHbocAJveqqj1u8+SVD7jkWT4yvsHCpWqqWqAxb0zCA==}
    dev: false

  /mkdirp/0.5.6:
    resolution: {integrity: sha512-FP+p8RB8OWpF3YZBCrP5gtADmtXApB5AMLn+vdyA+PyxCjrCs00mjyUozssO33cwDeT3wNGdLxJ5M//YqtHAJw==}
    hasBin: true
    dependencies:
      minimist: 1.2.8
    dev: false

  /ml-array-mean/1.1.6:
    resolution: {integrity: sha512-MIdf7Zc8HznwIisyiJGRH9tRigg3Yf4FldW8DxKxpCCv/g5CafTw0RRu51nojVEOXuCQC7DRVVu5c7XXO/5joQ==}
    dependencies:
      ml-array-sum: 1.1.6
    dev: false

  /ml-array-sum/1.1.6:
    resolution: {integrity: sha512-29mAh2GwH7ZmiRnup4UyibQZB9+ZLyMShvt4cH4eTK+cL2oEMIZFnSyB3SS8MlsTh6q/w/yh48KmqLxmovN4Dw==}
    dependencies:
      is-any-array: 2.0.1
    dev: false

  /ml-distance-euclidean/2.0.0:
    resolution: {integrity: sha512-yC9/2o8QF0A3m/0IXqCTXCzz2pNEzvmcE/9HFKOZGnTjatvBbsn4lWYJkxENkA4Ug2fnYl7PXQxnPi21sgMy/Q==}
    dev: false

  /ml-distance/4.0.1:
    resolution: {integrity: sha512-feZ5ziXs01zhyFUUUeZV5hwc0f5JW0Sh0ckU1koZe/wdVkJdGxcP06KNQuF0WBTj8FttQUzcvQcpcrOp/XrlEw==}
    dependencies:
      ml-array-mean: 1.1.6
      ml-distance-euclidean: 2.0.0
      ml-tree-similarity: 1.0.0
    dev: false

  /ml-tree-similarity/1.0.0:
    resolution: {integrity: sha512-XJUyYqjSuUQkNQHMscr6tcjldsOoAekxADTplt40QKfwW6nd++1wHWV9AArl0Zvw/TIHgNaZZNvr8QGvE8wLRg==}
    dependencies:
      binary-search: 1.3.6
      num-sort: 2.1.0
    dev: false

  /morgan/1.9.1:
    resolution: {integrity: sha512-HQStPIV4y3afTiCYVxirakhlCfGkI161c76kKFca7Fk1JusM//Qeo1ej2XaMniiNeaZklMVrh3vTtIzpzwbpmA==}
    engines: {node: '>= 0.8.0'}
    dependencies:
      basic-auth: 2.0.1
      debug: 2.6.9
      depd: 1.1.2
      on-finished: 2.3.0
      on-headers: 1.0.2
    transitivePeerDependencies:
      - supports-color
    dev: false

  /ms/2.0.0:
    resolution: {integrity: sha512-Tpp60P6IUJDTuOq/5Z8cdskzJujfwqfOTkrwIwj7IRISpnkJnT6SyJ4PCPnGMoFjC9ddhal5KVIYtAt97ix05A==}
    dev: false

  /ms/2.1.2:
    resolution: {integrity: sha512-sGkPx+VjMtmA6MX27oA4FBFELFCZZ4S4XqeGOXCv68tT+jb3vk/RyaKWP0PTKyWtmLSM0b+adUTEvbs1PEaH2w==}
    dev: false

  /ms/2.1.3:
    resolution: {integrity: sha512-6FlzubTLZG3J2a/NVCAleEhjzq5oxgHyaCU9yYXvcLsvoVaHJq/s5xXI6/XXP6tz7R9xAOtHnSO/tXtF3WRTlA==}
    dev: false

  /negotiator/0.6.3:
    resolution: {integrity: sha512-+EUsqGPLsM+j/zdChZjsnX51g4XrHFOIXwfnCVPGlQk/k5giakcKsuxCObBRu6DSm9opw/O6slWbJdghQM4bBg==}
    engines: {node: '>= 0.6'}
    dev: false

  /node-addon-api/7.0.0:
    resolution: {integrity: sha512-vgbBJTS4m5/KkE16t5Ly0WW9hz46swAstv0hYYwMtbG7AznRhNyfLRe8HZAiWIpcHzoO7HxhLuBQj9rJ/Ho0ZA==}
    dev: false

  /node-domexception/1.0.0:
    resolution: {integrity: sha512-/jKZoMpw0F8GRwl4/eLROPA3cfcXtLApP0QzLmUT/HuPCZWyB7IY9ZrMeKw2O/nFIqPQB3PVM9aYm0F312AXDQ==}
    engines: {node: '>=10.5.0'}
    dev: false

  /node-fetch/2.6.12:
    resolution: {integrity: sha512-C/fGU2E8ToujUivIO0H+tpQ6HWo4eEmchoPIoXtxCrVghxdKq+QOHqEZW7tuP3KlV3bC8FRMO5nMCC7Zm1VP6g==}
    engines: {node: 4.x || >=6.0.0}
    peerDependencies:
      encoding: ^0.1.0
    peerDependenciesMeta:
      encoding:
        optional: true
    dependencies:
      whatwg-url: 5.0.0
    dev: false

  /num-sort/2.1.0:
    resolution: {integrity: sha512-1MQz1Ed8z2yckoBeSfkQHHO9K1yDRxxtotKSJ9yvcTUUxSvfvzEq5GwBrjjHEpMlq/k5gvXdmJ1SbYxWtpNoVg==}
    engines: {node: '>=8'}
    dev: false

  /object-hash/3.0.0:
    resolution: {integrity: sha512-RSn9F68PjH9HqtltsSnqYC1XXoWe9Bju5+213R98cNGttag9q9yAOTzdbsqvIa7aNm5WffBZFpWYr2aWrklWAw==}
    engines: {node: '>= 6'}
    dev: false

  /object-inspect/1.12.3:
    resolution: {integrity: sha512-geUvdk7c+eizMNUDkRpW1wJwgfOiOeHbxBR/hLXK1aT6zmVSO0jsQcs7fj6MGw89jC/cjGfLcNOrtMYtGqm81g==}
    dev: false

  /on-finished/2.3.0:
    resolution: {integrity: sha512-ikqdkGAAyf/X/gPhXGvfgAytDZtDbr+bkNUJ0N9h5MI/dmdgCs3l6hoHrcUv41sRKew3jIwrp4qQDXiK99Utww==}
    engines: {node: '>= 0.8'}
    dependencies:
      ee-first: 1.1.1
    dev: false

  /on-headers/1.0.2:
    resolution: {integrity: sha512-pZAE+FJLoyITytdqK0U5s+FIpjN0JP3OzFi/u8Rx+EV5/W+JTWGXG8xFzevE7AjBfDqHv/8vL8qQsIhHnqRkrA==}
    engines: {node: '>= 0.8'}
    dev: false

  /openai/3.3.0_debug@2.6.9:
    resolution: {integrity: sha512-uqxI/Au+aPRnsaQRe8CojU0eCR7I0mBiKjD3sNMzY6DaC1ZVrc85u98mtJW6voDug8fgGN+DIZmTDxTthxb7dQ==}
    dependencies:
      axios: 0.26.1_debug@2.6.9
      form-data: 4.0.0
    transitivePeerDependencies:
      - debug
    dev: false

  /openapi-types/12.1.3:
    resolution: {integrity: sha512-N4YtSYJqghVu4iek2ZUvcN/0aqH1kRDuNqzcycDxhOUpg7GdvLa2F3DgS6yBNhInhv2r/6I0Flkn7CqL8+nIcw==}
    dev: false

  /optimist/0.3.7:
    resolution: {integrity: sha512-TCx0dXQzVtSCg2OgY/bO9hjM9cV4XYx09TVK+s3+FhkjT6LovsLe+pPMzpWf+6yXK/hUizs2gUoTw3jHM0VaTQ==}
    dependencies:
      wordwrap: 0.0.3
    dev: false

  /p-finally/1.0.0:
    resolution: {integrity: sha512-LICb2p9CB7FS+0eR1oqWnHhp0FljGLZCWBE9aix0Uye9W8LTQPwMTYVGWQWIw9RdQiDg4+epXQODwIYJtSJaow==}
    engines: {node: '>=4'}
    dev: false

  /p-queue/6.6.2:
    resolution: {integrity: sha512-RwFpb72c/BhQLEXIZ5K2e+AhgNVmIejGlTgiB9MzZ0e93GRvqZ7uSi0dvRF7/XIXDeNkra2fNHBxTyPDGySpjQ==}
    engines: {node: '>=8'}
    dependencies:
      eventemitter3: 4.0.7
      p-timeout: 3.2.0
    dev: false

  /p-retry/4.6.2:
    resolution: {integrity: sha512-312Id396EbJdvRONlngUx0NydfrIQ5lsYu0znKVUzVvArzEIt08V1qhtyESbGVd1FGX7UKtiFp5uwKZdM8wIuQ==}
    engines: {node: '>=8'}
    dependencies:
      '@types/retry': 0.12.0
      retry: 0.13.1
    dev: false

  /p-timeout/3.2.0:
    resolution: {integrity: sha512-rhIwUycgwwKcP9yTOOFK/AKsAopjjCakVqLHePO3CC6Mir1Z99xT+R63jZxAT5lFZLa2inS5h+ZS2GvR99/FBg==}
    engines: {node: '>=8'}
    dependencies:
      p-finally: 1.0.0
    dev: false

  /parseurl/1.3.3:
    resolution: {integrity: sha512-CiyeOxFT/JZyN5m0z9PfXw4SCBJ6Sygz1Dpl0wqjlhDEGGBP1GnsUVEL0p63hoG1fcj3fHynXi9NYO4nWOL+qQ==}
    engines: {node: '>= 0.8'}
    dev: false

  /path-to-regexp/0.1.7:
    resolution: {integrity: sha512-5DFkuoqlv1uYQKxy8omFBeJPQcdoE07Kv2sferDCrAq1ohOU+MSDswDIbnx3YAM60qIOnYa53wBhXW0EbMonrQ==}
    dev: false

  /promise/2.0.0:
    resolution: {integrity: sha512-OgMc+sxI3zWF8D5BJGtA0z7/IsrDy1/0cPaDv6HPpqa2fSTo7AdON5U10NbZCUeF+zCAj3PtfPE50Hf02386aA==}
    dependencies:
      is-promise: 1.0.1
    dev: false

  /promise/6.1.0:
    resolution: {integrity: sha512-O+uwGKreKNKkshzZv2P7N64lk6EP17iXBn0PbUnNQhk+Q0AHLstiTrjkx3v5YBd3cxUe7Sq6KyRhl/A0xUjk7Q==}
    dependencies:
      asap: 1.0.0
    dev: false

  /proxy-addr/2.0.7:
    resolution: {integrity: sha512-llQsMLSUDUPT44jdrU/O37qlnifitDP+ZwrmmZcoSKyLKvtZxpyV0n2/bD/N4tBAAZ/gJEdZU7KMraoK1+XYAg==}
    engines: {node: '>= 0.10'}
    dependencies:
      forwarded: 0.2.0
      ipaddr.js: 1.9.1
    dev: false

  /qs/6.11.2:
    resolution: {integrity: sha512-tDNIz22aBzCDxLtVH++VnTfzxlfeK5CbqohpSqpJgj1Wg/cQbStNAz3NuqCs5vV+pjBsK4x4pN9HlVh7rcYRiA==}
    engines: {node: '>=0.6'}
    dependencies:
      side-channel: 1.0.4
    dev: false

  /qs/6.5.2:
    resolution: {integrity: sha512-N5ZAX4/LxJmF+7wN74pUD6qAh9/wnvdQcjq9TZjevvXzSUo7bfmw91saqMjzGS2xq91/odN2dW/WOl7qQHNDGA==}
    engines: {node: '>=0.6'}
    dev: false

  /range-parser/1.2.1:
    resolution: {integrity: sha512-Hrgsx+orqoygnmhFbKaHE6c296J+HTAQXoxEF6gNupROmmGJRoyzfG3ccAveqCBrwr/2yxQ5BVd/GTl5agOwSg==}
    engines: {node: '>= 0.6'}
    dev: false

  /raw-body/2.3.3:
    resolution: {integrity: sha512-9esiElv1BrZoI3rCDuOuKCBRbuApGGaDPQfjSflGxdy4oyzqghxu6klEkkVIvBje+FF0BX9coEv8KqW6X/7njw==}
    engines: {node: '>= 0.8'}
    dependencies:
      bytes: 3.0.0
      http-errors: 1.6.3
      iconv-lite: 0.4.23
      unpipe: 1.0.0
    dev: false

  /repeat-string/1.6.1:
    resolution: {integrity: sha512-PV0dzCYDNfRi1jCDbJzpW7jNNDRuCOG/jI5ctQcGKt/clZD+YcPS3yIlWuTJMmESC8aevCFmWJy5wjAFgNqN6w==}
    engines: {node: '>=0.10'}
    dev: false

  /retry/0.13.1:
    resolution: {integrity: sha512-XQBQ3I8W1Cge0Seh+6gjj03LbmRFWuoszgK9ooCpwYIrhhoO80pfq4cUkU5DkknwfOfFteRwlZ56PYOGYyFWdg==}
    engines: {node: '>= 4'}
    dev: false

  /right-align/0.1.3:
    resolution: {integrity: sha512-yqINtL/G7vs2v+dFIZmFUDbnVyFUJFKd6gK22Kgo6R4jfJGFtisKyncWDDULgjfqf4ASQuIQyjJ7XZ+3aWpsAg==}
    engines: {node: '>=0.10.0'}
    dependencies:
      align-text: 0.1.4
    dev: false

  /safe-buffer/5.1.2:
    resolution: {integrity: sha512-Gd2UZBJDkXlY7GbJxfsE8/nvKkUEU1G38c1siN6QP6a9PT9MmHB8GnpscSmMJSoF8LOIrt8ud/wPtojys4G6+g==}
    dev: false

  /safer-buffer/2.1.2:
    resolution: {integrity: sha512-YZo3K82SD7Riyi0E1EQPojLz7kpepnSQI9IyPbHHg1XXXevb5dJI7tpyN2ADxGcQbHG7vcyRHk0cbwqcQriUtg==}
    dev: false

  /send/0.16.2:
    resolution: {integrity: sha512-E64YFPUssFHEFBvpbbjr44NCLtI1AohxQ8ZSiJjQLskAdKuriYEP6VyGEsRDH8ScozGpkaX1BGvhanqCwkcEZw==}
    engines: {node: '>= 0.8.0'}
    dependencies:
      debug: 2.6.9
      depd: 1.1.2
      destroy: 1.0.4
      encodeurl: 1.0.2
      escape-html: 1.0.3
      etag: 1.8.1
      fresh: 0.5.2
      http-errors: 1.6.3
      mime: 1.4.1
      ms: 2.0.0
      on-finished: 2.3.0
      range-parser: 1.2.1
      statuses: 1.4.0
    transitivePeerDependencies:
      - supports-color
    dev: false

  /serpapi/1.1.1:
    resolution: {integrity: sha512-t5Bqu/6VMJ9naX8K+qCgUStpZOaNQFvIM4AudhMJLS6sqQT/EHaYrhGidDZHVx8QvcEdY6y1wNlxizOCtvJtUQ==}
    dependencies:
      undici: 5.22.1
    dev: false

  /serve-static/1.13.2:
    resolution: {integrity: sha512-p/tdJrO4U387R9oMjb1oj7qSMaMfmOyd4j9hOFoxZe2baQszgHcSWjuya/CiT5kgZZKRudHNOA0pYXOl8rQ5nw==}
    engines: {node: '>= 0.8.0'}
    dependencies:
      encodeurl: 1.0.2
      escape-html: 1.0.3
      parseurl: 1.3.3
      send: 0.16.2
    transitivePeerDependencies:
      - supports-color
    dev: false

  /setprototypeof/1.1.0:
    resolution: {integrity: sha512-BvE/TwpZX4FXExxOxZyRGQQv651MSwmWKZGqvmPcRIjDqWub67kTKuIMx43cZZrS/cBBzwBcNDWoFxt2XEFIpQ==}
    dev: false

  /side-channel/1.0.4:
    resolution: {integrity: sha512-q5XPytqFEIKHkGdiMIrY10mvLRvnQh42/+GoBlFW3b2LXLE2xxJpZFdm94we0BaoV3RwJyGqg5wS7epxTv0Zvw==}
    dependencies:
      call-bind: 1.0.2
      get-intrinsic: 1.2.1
      object-inspect: 1.12.3
    dev: false

  /source-map/0.1.43:
    resolution: {integrity: sha512-VtCvB9SIQhk3aF6h+N85EaqIaBFIAfZ9Cu+NJHHVvc8BbEcnvDcFw6sqQ2dQrT6SlOrZq3tIvyD9+EGq/lJryQ==}
    engines: {node: '>=0.8.0'}
    dependencies:
      amdefine: 1.0.1
    dev: false

  /source-map/0.4.4:
    resolution: {integrity: sha512-Y8nIfcb1s/7DcobUz1yOO1GSp7gyL+D9zLHDehT7iRESqGSxjJ448Sg7rvfgsRJCnKLdSl11uGf0s9X80cH0/A==}
    engines: {node: '>=0.8.0'}
    dependencies:
      amdefine: 1.0.1
    dev: false

  /source-map/0.5.7:
    resolution: {integrity: sha512-LbrmJOMUSdEVxIKvdcJzQC+nQhe8FUZQTXQy6+I75skNgn3OoQ0DZA8YnFa7gp8tqtL3KPf1kmo0R5DoApeSGQ==}
    engines: {node: '>=0.10.0'}
    dev: false

  /statuses/1.4.0:
    resolution: {integrity: sha512-zhSCtt8v2NDrRlPQpCNtw/heZLtfUDqxBM1udqikb/Hbk52LK4nQSwr10u77iopCW5LsyHpuXS0GnEc48mLeew==}
    engines: {node: '>= 0.6'}
    dev: false

  /statuses/1.5.0:
    resolution: {integrity: sha512-OpZ3zP+jT1PI7I8nemJX4AKmAX070ZkYPVWV/AaKTJl+tXCTGyVdC1a4SL8RUQYEwk/f34ZX8UTykN68FwrqAA==}
    engines: {node: '>= 0.6'}
    dev: false

  /streamsearch/1.1.0:
    resolution: {integrity: sha512-Mcc5wHehp9aXz1ax6bZUyY5afg9u2rv5cqQI3mRrYkGC8rW2hM02jWuwjtL++LS5qinSyhj2QfLyNsuc+VsExg==}
    engines: {node: '>=10.0.0'}
    dev: false

  /tr46/0.0.3:
    resolution: {integrity: sha512-N3WMsuqV66lT30CrXNbEjx4GEwlow3v6rr4mCcv6prnfwhS01rkgyFdjPNBYd9br7LpXV1+Emh01fHnq2Gdgrw==}
    dev: false

  /transformers/2.1.0:
    resolution: {integrity: sha512-zJf5m2EIOngmBbDe2fhTPpCjzM2qkZVqrFJZc2jaln+KBeEaYKhS2QMOIkfVrNUyoOwqgbTwOHATzr3jZRQDyg==}
    deprecated: Deprecated, use jstransformer
    dependencies:
      css: 1.0.8
      promise: 2.0.0
      uglify-js: 2.2.5
    dev: false

  /type-is/1.6.18:
    resolution: {integrity: sha512-TkRKr9sUTxEH8MdfuCSP7VizJyzRNMjj2J2do2Jr3Kym598JVdEksuzPQCnlFPW4ky9Q+iA+ma9BGm06XQBy8g==}
    engines: {node: '>= 0.6'}
    dependencies:
      media-typer: 0.3.0
      mime-types: 2.1.35
    dev: false

  /uglify-js/2.2.5:
    resolution: {integrity: sha512-viLk+/8G0zm2aKt1JJAVcz5J/5ytdiNaIsKgrre3yvSUjwVG6ZUujGH7E2TiPigZUwLYCe7eaIUEP2Zka2VJPA==}
    engines: {node: '>=0.4.0'}
    hasBin: true
    dependencies:
      optimist: 0.3.7
      source-map: 0.1.43
    dev: false

  /uglify-js/2.8.29:
    resolution: {integrity: sha512-qLq/4y2pjcU3vhlhseXGGJ7VbFO4pBANu0kwl8VCa9KEI0V8VfZIx2Fy3w01iSTA/pGwKZSmu/+I4etLNDdt5w==}
    engines: {node: '>=0.8.0'}
    hasBin: true
    dependencies:
      source-map: 0.5.7
      yargs: 3.10.0
    optionalDependencies:
      uglify-to-browserify: 1.0.2
    dev: false

  /uglify-to-browserify/1.0.2:
    resolution: {integrity: sha512-vb2s1lYx2xBtUgy+ta+b2J/GLVUR+wmpINwHePmPRhOsIVCG2wDzKJ0n14GslH1BifsqVzSOwQhRaCAsZ/nI4Q==}
    requiresBuild: true
    dev: false
    optional: true

  /undici/5.22.1:
    resolution: {integrity: sha512-Ji2IJhFXZY0x/0tVBXeQwgPlLWw13GVzpsWPQ3rV50IFMMof2I55PZZxtm4P6iNq+L5znYN9nSTAq0ZyE6lSJw==}
    engines: {node: '>=14.0'}
    dependencies:
      busboy: 1.6.0
    dev: false

  /unpipe/1.0.0:
    resolution: {integrity: sha512-pjy2bYhSsufwWlKwPc+l3cN7+wuJlK6uz0YdJEOlQDbl6jo/YlPi4mb8agUkVC8BF7V8NuzeyPNqRksA3hztKQ==}
    engines: {node: '>= 0.8'}
    dev: false

  /utils-merge/1.0.1:
    resolution: {integrity: sha512-pMZTvIkT1d+TFGvDOqodOclx0QWkkgi6Tdoa8gC8ffGAAqz9pzPTZWAybbsHHoED/ztMtkv/VoYTYyShUn81hA==}
    engines: {node: '>= 0.4.0'}
    dev: false

  /uuid/9.0.0:
    resolution: {integrity: sha512-MXcSTerfPa4uqyzStbRoTgt5XIe3x5+42+q1sDuy3R5MDk66URdLMOZe5aPX/SQd+kuYAh0FdP/pO28IkQyTeg==}
    hasBin: true
    dev: false

  /vary/1.1.2:
    resolution: {integrity: sha512-BNGbWLfd0eUPabhkXUVm0j8uuvREyTh5ovRa/dyow/BqAbZJyC+5fU+IzQOzmAKzYqYRAISoRhdQr3eIZ/PXqg==}
    engines: {node: '>= 0.8'}
    dev: false

  /void-elements/2.0.1:
    resolution: {integrity: sha512-qZKX4RnBzH2ugr8Lxa7x+0V6XD9Sb/ouARtiasEQCHB1EVU4NXtmHsDDrx1dO4ne5fc3J6EW05BP1Dl0z0iung==}
    engines: {node: '>=0.10.0'}
    dev: false

  /web-streams-polyfill/4.0.0-beta.3:
    resolution: {integrity: sha512-QW95TCTaHmsYfHDybGMwO5IJIM93I/6vTRk+daHTWFPhwh+C8Cg7j7XyKrwrj8Ib6vYXe0ocYNrmzY4xAAN6ug==}
    engines: {node: '>= 14'}
    dev: false

  /webidl-conversions/3.0.1:
    resolution: {integrity: sha512-2JAn3z8AR6rjK8Sm8orRC0h/bcl/DqL7tRPdGZ4I1CjdF+EaMLmYxBHyXuKL849eucPFhvBoxMsflfOb8kxaeQ==}
    dev: false

  /whatwg-url/5.0.0:
    resolution: {integrity: sha512-saE57nupxk6v3HY35+jzBwYa0rKSy0XR8JSxZPwgLr7ys0IBzhGviA1/TUGJLmSVqs8pb9AnvICXEuOHLprYTw==}
    dependencies:
      tr46: 0.0.3
      webidl-conversions: 3.0.1
    dev: false

  /window-size/0.1.0:
    resolution: {integrity: sha512-1pTPQDKTdd61ozlKGNCjhNRd+KPmgLSGa3mZTHoOliaGcESD8G1PXhh7c1fgiPjVbNVfgy2Faw4BI8/m0cC8Mg==}
    engines: {node: '>= 0.8.0'}
    dev: false

  /with/4.0.3:
    resolution: {integrity: sha512-mJZFpyEc1JTAdxhi/vhVeAM2S7vsltEKDiexDDo1HuAzlYKhcVUU6cwY8cHrFYdt82ZNkfKCeyhA3IYFegI0Kg==}
    dependencies:
      acorn: 1.2.2
      acorn-globals: 1.0.9
    dev: false

  /wordwrap/0.0.2:
    resolution: {integrity: sha512-xSBsCeh+g+dinoBv3GAOWM4LcVVO68wLXRanibtBSdUvkGWQRGeE9P7IwU9EmDDi4jA6L44lz15CGMwdw9N5+Q==}
    engines: {node: '>=0.4.0'}
    dev: false

  /wordwrap/0.0.3:
    resolution: {integrity: sha512-1tMA907+V4QmxV7dbRvb4/8MaRALK6q9Abid3ndMYnbyo8piisCmeONVqVSXqQA3KaP4SLt5b7ud6E2sqP8TFw==}
    engines: {node: '>=0.4.0'}
    dev: false

  /yaml/2.3.1:
    resolution: {integrity: sha512-2eHWfjaoXgTBC2jNM1LRef62VQa0umtvRiDSk6HSzW7RvS5YtkabJrwYLLEKWBc8a5U2PTSCs+dJjUTJdlHsWQ==}
    engines: {node: '>= 14'}
    dev: false

  /yargs/3.10.0:
    resolution: {integrity: sha512-QFzUah88GAGy9lyDKGBqZdkYApt63rCXYBGYnEP4xDJPXNqXXnBDACnbrXnViV6jRSqAePwrATi2i8mfYm4L1A==}
    dependencies:
      camelcase: 1.2.1
      cliui: 2.1.0
      decamelize: 1.2.0
      window-size: 0.1.0
    dev: false

  /zod-to-json-schema/3.21.4_zod@3.21.4:
    resolution: {integrity: sha512-fjUZh4nQ1s6HMccgIeE0VP4QG/YRGPmyjO9sAh890aQKPEk3nqbfUXhMFaC+Dr5KvYBm8BCyvfpZf2jY9aGSsw==}
    peerDependencies:
      zod: ^3.21.4
    dependencies:
      zod: 3.21.4
    dev: false

  /zod/3.21.4:
    resolution: {integrity: sha512-m46AKbrzKVzOzs/DZgVnG5H55N1sv1M8qZU3A8RIKbs3mrACDNeIOeilDymVb2HdmP8uwshOCF4uJ8uM9rCqJw==}
    dev: false
